
Microsoft Visual Studio Solution File, Format Version 12.00
# Visual Studio 2012
Project("{FAE04EC0-301F-11D3-BF4B-00C04F79EFBC}") = "RheinwerkAdventure", "ProjectNew\RheinwerkAdventure.csproj", "{CDCF66D4-C07C-472F-BB2F-B33E423C2539}"
EndProject
Global
	GlobalSection(SolutionConfigurationPlatforms) = preSolution
		Debug|x86 = Debug|x86
		Release|x86 = Release|x86
	EndGlobalSection
	GlobalSection(ProjectConfigurationPlatforms) = postSolution
		{CDCF66D4-C07C-472F-BB2F-B33E423C2539}.Debug|x86.ActiveCfg = Debug|x86
		{CDCF66D4-C07C-472F-BB2F-B33E423C2539}.Debug|x86.Build.0 = Debug|x86
		{CDCF66D4-C07C-472F-BB2F-B33E423C2539}.Release|x86.ActiveCfg = Release|x86
		{CDCF66D4-C07C-472F-BB2F-B33E423C2539}.Release|x86.Build.0 = Release|x86
	EndGlobalSection
EndGlobal
